// !$*UTF8*$!
{
	archiveVersion = 1;
	classes = {
	};
	objectVersion = 46;
	objects = {

/* Begin PBXBuildFile section */
		0252D4761DCB35B200AC609E /* Test6ViewController.m in Sources */ = {isa = PBXBuildFile; fileRef = 0252D4751DCB35B200AC609E /* Test6ViewController.m */; };
		0252D4791DCB3DC300AC609E /* Test7ViewController.m in Sources */ = {isa = PBXBuildFile; fileRef = 0252D4781DCB3DC300AC609E /* Test7ViewController.m */; };
		02ACE9B01DC0E2FA0000A268 /* Test5ViewController.m in Sources */ = {isa = PBXBuildFile; fileRef = 02ACE9AF1DC0E2FA0000A268 /* Test5ViewController.m */; };
		02ACE9B31DC0E64A0000A268 /* UIImage+XLExtension.m in Sources */ = {isa = PBXBuildFile; fileRef = 02ACE9B21DC0E64A0000A268 /* UIImage+XLExtension.m */; };
		531670D81D3B867F00CAB008 /* Test2ViewController.m in Sources */ = {isa = PBXBuildFile; fileRef = 531670D71D3B867F00CAB008 /* Test2ViewController.m */; };
		5367ACAB1D3F85E100824A19 /* Test3ViewController.m in Sources */ = {isa = PBXBuildFile; fileRef = 5367ACAA1D3F85E100824A19 /* Test3ViewController.m */; };
		5367ACAE1D3F874000824A19 /* BaseTestViewController.m in Sources */ = {isa = PBXBuildFile; fileRef = 5367ACAD1D3F874000824A19 /* BaseTestViewController.m */; };
		5367ACB11D3F8AAC00824A19 /* Test4ViewController.m in Sources */ = {isa = PBXBuildFile; fileRef = 5367ACB01D3F8AAC00824A19 /* Test4ViewController.m */; };
		538DBCB11D3A1D7E00117463 /* main.m in Sources */ = {isa = PBXBuildFile; fileRef = 538DBCB01D3A1D7E00117463 /* main.m */; };
		538DBCB41D3A1D7E00117463 /* AppDelegate.m in Sources */ = {isa = PBXBuildFile; fileRef = 538DBCB31D3A1D7E00117463 /* AppDelegate.m */; };
		538DBCB71D3A1D7E00117463 /* ViewController.m in Sources */ = {isa = PBXBuildFile; fileRef = 538DBCB61D3A1D7E00117463 /* ViewController.m */; };
		538DBCBA1D3A1D7E00117463 /* Main.storyboard in Resources */ = {isa = PBXBuildFile; fileRef = 538DBCB81D3A1D7E00117463 /* Main.storyboard */; };
		538DBCBC1D3A1D7E00117463 /* Assets.xcassets in Resources */ = {isa = PBXBuildFile; fileRef = 538DBCBB1D3A1D7E00117463 /* Assets.xcassets */; };
		538DBCBF1D3A1D7E00117463 /* LaunchScreen.storyboard in Resources */ = {isa = PBXBuildFile; fileRef = 538DBCBD1D3A1D7E00117463 /* LaunchScreen.storyboard */; };
		538DBD1F1D3A23F300117463 /* Test1ViewController.m in Sources */ = {isa = PBXBuildFile; fileRef = 538DBD1E1D3A23F300117463 /* Test1ViewController.m */; };
		53B7A6C21D3E14E700453C8A /* UIView+XLExtension.m in Sources */ = {isa = PBXBuildFile; fileRef = 53B7A6821D3E14E700453C8A /* UIView+XLExtension.m */; };
		53B7A6C31D3E14E700453C8A /* FSActionSheet.m in Sources */ = {isa = PBXBuildFile; fileRef = 53B7A6861D3E14E700453C8A /* FSActionSheet.m */; };
		53B7A6C41D3E14E700453C8A /* FSActionSheetCell.m in Sources */ = {isa = PBXBuildFile; fileRef = 53B7A6881D3E14E700453C8A /* FSActionSheetCell.m */; };
		53B7A6C51D3E14E700453C8A /* FSActionSheetConfig.m in Sources */ = {isa = PBXBuildFile; fileRef = 53B7A68A1D3E14E700453C8A /* FSActionSheetConfig.m */; };
		53B7A6C61D3E14E700453C8A /* FSActionSheetItem.m in Sources */ = {isa = PBXBuildFile; fileRef = 53B7A68C1D3E14E700453C8A /* FSActionSheetItem.m */; };
		53B7A6C71D3E14E700453C8A /* FSActionSheet_cancel@2x.png in Resources */ = {isa = PBXBuildFile; fileRef = 53B7A68E1D3E14E700453C8A /* FSActionSheet_cancel@2x.png */; };
		53B7A6C81D3E14E700453C8A /* FSActionSheet_cancel@3x.png in Resources */ = {isa = PBXBuildFile; fileRef = 53B7A68F1D3E14E700453C8A /* FSActionSheet_cancel@3x.png */; };
		53B7A6C91D3E14E700453C8A /* TAAbstractDotView.m in Sources */ = {isa = PBXBuildFile; fileRef = 53B7A6921D3E14E700453C8A /* TAAbstractDotView.m */; };
		53B7A6CA1D3E14E700453C8A /* TAAnimatedDotView.m in Sources */ = {isa = PBXBuildFile; fileRef = 53B7A6941D3E14E700453C8A /* TAAnimatedDotView.m */; };
		53B7A6CB1D3E14E700453C8A /* TADotView.m in Sources */ = {isa = PBXBuildFile; fileRef = 53B7A6961D3E14E700453C8A /* TADotView.m */; };
		53B7A6CC1D3E14E700453C8A /* TAPageControl.m in Sources */ = {isa = PBXBuildFile; fileRef = 53B7A6981D3E14E700453C8A /* TAPageControl.m */; };
		53B7A6CD1D3E14E700453C8A /* MKAnnotationView+WebCache.m in Sources */ = {isa = PBXBuildFile; fileRef = 53B7A69B1D3E14E700453C8A /* MKAnnotationView+WebCache.m */; };
		53B7A6CE1D3E14E700453C8A /* NSData+ImageContentType.m in Sources */ = {isa = PBXBuildFile; fileRef = 53B7A69D1D3E14E700453C8A /* NSData+ImageContentType.m */; };
		53B7A6CF1D3E14E700453C8A /* SDImageCache.m in Sources */ = {isa = PBXBuildFile; fileRef = 53B7A69F1D3E14E700453C8A /* SDImageCache.m */; };
		53B7A6D01D3E14E700453C8A /* SDWebImageCompat.m in Sources */ = {isa = PBXBuildFile; fileRef = 53B7A6A11D3E14E700453C8A /* SDWebImageCompat.m */; };
		53B7A6D11D3E14E700453C8A /* SDWebImageDecoder.m in Sources */ = {isa = PBXBuildFile; fileRef = 53B7A6A31D3E14E700453C8A /* SDWebImageDecoder.m */; };
		53B7A6D21D3E14E700453C8A /* SDWebImageDownloader.m in Sources */ = {isa = PBXBuildFile; fileRef = 53B7A6A51D3E14E700453C8A /* SDWebImageDownloader.m */; };
		53B7A6D31D3E14E700453C8A /* SDWebImageDownloaderOperation.m in Sources */ = {isa = PBXBuildFile; fileRef = 53B7A6A71D3E14E700453C8A /* SDWebImageDownloaderOperation.m */; };
		53B7A6D41D3E14E700453C8A /* SDWebImageManager.m in Sources */ = {isa = PBXBuildFile; fileRef = 53B7A6A91D3E14E700453C8A /* SDWebImageManager.m */; };
		53B7A6D51D3E14E700453C8A /* SDWebImagePrefetcher.m in Sources */ = {isa = PBXBuildFile; fileRef = 53B7A6AC1D3E14E700453C8A /* SDWebImagePrefetcher.m */; };
		53B7A6D61D3E14E700453C8A /* UIButton+WebCache.m in Sources */ = {isa = PBXBuildFile; fileRef = 53B7A6AE1D3E14E700453C8A /* UIButton+WebCache.m */; };
		53B7A6D71D3E14E700453C8A /* UIImage+GIF.m in Sources */ = {isa = PBXBuildFile; fileRef = 53B7A6B01D3E14E700453C8A /* UIImage+GIF.m */; };
		53B7A6D81D3E14E700453C8A /* UIImage+MultiFormat.m in Sources */ = {isa = PBXBuildFile; fileRef = 53B7A6B21D3E14E700453C8A /* UIImage+MultiFormat.m */; };
		53B7A6D91D3E14E700453C8A /* UIImage+WebP.m in Sources */ = {isa = PBXBuildFile; fileRef = 53B7A6B41D3E14E700453C8A /* UIImage+WebP.m */; };
		53B7A6DA1D3E14E700453C8A /* UIImageView+HighlightedWebCache.m in Sources */ = {isa = PBXBuildFile; fileRef = 53B7A6B61D3E14E700453C8A /* UIImageView+HighlightedWebCache.m */; };
		53B7A6DB1D3E14E700453C8A /* UIImageView+WebCache.m in Sources */ = {isa = PBXBuildFile; fileRef = 53B7A6B81D3E14E700453C8A /* UIImageView+WebCache.m */; };
		53B7A6DC1D3E14E700453C8A /* UIView+WebCacheOperation.m in Sources */ = {isa = PBXBuildFile; fileRef = 53B7A6BA1D3E14E700453C8A /* UIView+WebCacheOperation.m */; };
		53B7A6DD1D3E14E700453C8A /* XLPhotoBrowser.m in Sources */ = {isa = PBXBuildFile; fileRef = 53B7A6BC1D3E14E700453C8A /* XLPhotoBrowser.m */; };
		53B7A6DE1D3E14E700453C8A /* XLProgressView.m in Sources */ = {isa = PBXBuildFile; fileRef = 53B7A6BF1D3E14E700453C8A /* XLProgressView.m */; };
		53B7A6DF1D3E14E700453C8A /* XLZoomingScrollView.m in Sources */ = {isa = PBXBuildFile; fileRef = 53B7A6C11D3E14E700453C8A /* XLZoomingScrollView.m */; };
/* End PBXBuildFile section */

/* Begin PBXFileReference section */
		0252D4741DCB35B200AC609E /* Test6ViewController.h */ = {isa = PBXFileReference; fileEncoding = 4; lastKnownFileType = sourcecode.c.h; path = Test6ViewController.h; sourceTree = "<group>"; };
		0252D4751DCB35B200AC609E /* Test6ViewController.m */ = {isa = PBXFileReference; fileEncoding = 4; lastKnownFileType = sourcecode.c.objc; path = Test6ViewController.m; sourceTree = "<group>"; };
		0252D4771DCB3DC300AC609E /* Test7ViewController.h */ = {isa = PBXFileReference; fileEncoding = 4; lastKnownFileType = sourcecode.c.h; path = Test7ViewController.h; sourceTree = "<group>"; };
		0252D4781DCB3DC300AC609E /* Test7ViewController.m */ = {isa = PBXFileReference; fileEncoding = 4; lastKnownFileType = sourcecode.c.objc; path = Test7ViewController.m; sourceTree = "<group>"; };
		02ACE9AE1DC0E2FA0000A268 /* Test5ViewController.h */ = {isa = PBXFileReference; fileEncoding = 4; lastKnownFileType = sourcecode.c.h; path = Test5ViewController.h; sourceTree = "<group>"; };
		02ACE9AF1DC0E2FA0000A268 /* Test5ViewController.m */ = {isa = PBXFileReference; fileEncoding = 4; lastKnownFileType = sourcecode.c.objc; path = Test5ViewController.m; sourceTree = "<group>"; };
		02ACE9B11DC0E64A0000A268 /* UIImage+XLExtension.h */ = {isa = PBXFileReference; fileEncoding = 4; lastKnownFileType = sourcecode.c.h; path = "UIImage+XLExtension.h"; sourceTree = "<group>"; };
		02ACE9B21DC0E64A0000A268 /* UIImage+XLExtension.m */ = {isa = PBXFileReference; fileEncoding = 4; lastKnownFileType = sourcecode.c.objc; path = "UIImage+XLExtension.m"; sourceTree = "<group>"; };
		531670D61D3B867F00CAB008 /* Test2ViewController.h */ = {isa = PBXFileReference; fileEncoding = 4; lastKnownFileType = sourcecode.c.h; path = Test2ViewController.h; sourceTree = "<group>"; };
		531670D71D3B867F00CAB008 /* Test2ViewController.m */ = {isa = PBXFileReference; fileEncoding = 4; lastKnownFileType = sourcecode.c.objc; path = Test2ViewController.m; sourceTree = "<group>"; };
		5367ACA91D3F85E100824A19 /* Test3ViewController.h */ = {isa = PBXFileReference; fileEncoding = 4; lastKnownFileType = sourcecode.c.h; path = Test3ViewController.h; sourceTree = "<group>"; };
		5367ACAA1D3F85E100824A19 /* Test3ViewController.m */ = {isa = PBXFileReference; fileEncoding = 4; lastKnownFileType = sourcecode.c.objc; path = Test3ViewController.m; sourceTree = "<group>"; };
		5367ACAC1D3F874000824A19 /* BaseTestViewController.h */ = {isa = PBXFileReference; fileEncoding = 4; lastKnownFileType = sourcecode.c.h; path = BaseTestViewController.h; sourceTree = "<group>"; };
		5367ACAD1D3F874000824A19 /* BaseTestViewController.m */ = {isa = PBXFileReference; fileEncoding = 4; lastKnownFileType = sourcecode.c.objc; path = BaseTestViewController.m; sourceTree = "<group>"; };
		5367ACAF1D3F8AAC00824A19 /* Test4ViewController.h */ = {isa = PBXFileReference; fileEncoding = 4; lastKnownFileType = sourcecode.c.h; path = Test4ViewController.h; sourceTree = "<group>"; };
		5367ACB01D3F8AAC00824A19 /* Test4ViewController.m */ = {isa = PBXFileReference; fileEncoding = 4; lastKnownFileType = sourcecode.c.objc; path = Test4ViewController.m; sourceTree = "<group>"; };
		538DBCAC1D3A1D7E00117463 /* XLPhotoBrowserDemo.app */ = {isa = PBXFileReference; explicitFileType = wrapper.application; includeInIndex = 0; path = XLPhotoBrowserDemo.app; sourceTree = BUILT_PRODUCTS_DIR; };
		538DBCB01D3A1D7E00117463 /* main.m */ = {isa = PBXFileReference; lastKnownFileType = sourcecode.c.objc; path = main.m; sourceTree = "<group>"; };
		538DBCB21D3A1D7E00117463 /* AppDelegate.h */ = {isa = PBXFileReference; lastKnownFileType = sourcecode.c.h; path = AppDelegate.h; sourceTree = "<group>"; };
		538DBCB31D3A1D7E00117463 /* AppDelegate.m */ = {isa = PBXFileReference; lastKnownFileType = sourcecode.c.objc; path = AppDelegate.m; sourceTree = "<group>"; };
		538DBCB51D3A1D7E00117463 /* ViewController.h */ = {isa = PBXFileReference; lastKnownFileType = sourcecode.c.h; path = ViewController.h; sourceTree = "<group>"; };
		538DBCB61D3A1D7E00117463 /* ViewController.m */ = {isa = PBXFileReference; lastKnownFileType = sourcecode.c.objc; path = ViewController.m; sourceTree = "<group>"; };
		538DBCB91D3A1D7E00117463 /* Base */ = {isa = PBXFileReference; lastKnownFileType = file.storyboard; name = Base; path = Base.lproj/Main.storyboard; sourceTree = "<group>"; };
		538DBCBB1D3A1D7E00117463 /* Assets.xcassets */ = {isa = PBXFileReference; lastKnownFileType = folder.assetcatalog; path = Assets.xcassets; sourceTree = "<group>"; };
		538DBCBE1D3A1D7E00117463 /* Base */ = {isa = PBXFileReference; lastKnownFileType = file.storyboard; name = Base; path = Base.lproj/LaunchScreen.storyboard; sourceTree = "<group>"; };
		538DBCC01D3A1D7E00117463 /* Info.plist */ = {isa = PBXFileReference; lastKnownFileType = text.plist.xml; path = Info.plist; sourceTree = "<group>"; };
		538DBD1D1D3A23F300117463 /* Test1ViewController.h */ = {isa = PBXFileReference; fileEncoding = 4; lastKnownFileType = sourcecode.c.h; path = Test1ViewController.h; sourceTree = "<group>"; };
		538DBD1E1D3A23F300117463 /* Test1ViewController.m */ = {isa = PBXFileReference; fileEncoding = 4; lastKnownFileType = sourcecode.c.objc; path = Test1ViewController.m; sourceTree = "<group>"; };
		53B7A6811D3E14E700453C8A /* UIView+XLExtension.h */ = {isa = PBXFileReference; fileEncoding = 4; lastKnownFileType = sourcecode.c.h; path = "UIView+XLExtension.h"; sourceTree = "<group>"; };
		53B7A6821D3E14E700453C8A /* UIView+XLExtension.m */ = {isa = PBXFileReference; fileEncoding = 4; lastKnownFileType = sourcecode.c.objc; path = "UIView+XLExtension.m"; sourceTree = "<group>"; };
		53B7A6851D3E14E700453C8A /* FSActionSheet.h */ = {isa = PBXFileReference; fileEncoding = 4; lastKnownFileType = sourcecode.c.h; path = FSActionSheet.h; sourceTree = "<group>"; };
		53B7A6861D3E14E700453C8A /* FSActionSheet.m */ = {isa = PBXFileReference; fileEncoding = 4; lastKnownFileType = sourcecode.c.objc; path = FSActionSheet.m; sourceTree = "<group>"; };
		53B7A6871D3E14E700453C8A /* FSActionSheetCell.h */ = {isa = PBXFileReference; fileEncoding = 4; lastKnownFileType = sourcecode.c.h; path = FSActionSheetCell.h; sourceTree = "<group>"; };
		53B7A6881D3E14E700453C8A /* FSActionSheetCell.m */ = {isa = PBXFileReference; fileEncoding = 4; lastKnownFileType = sourcecode.c.objc; path = FSActionSheetCell.m; sourceTree = "<group>"; };
		53B7A6891D3E14E700453C8A /* FSActionSheetConfig.h */ = {isa = PBXFileReference; fileEncoding = 4; lastKnownFileType = sourcecode.c.h; path = FSActionSheetConfig.h; sourceTree = "<group>"; };
		53B7A68A1D3E14E700453C8A /* FSActionSheetConfig.m */ = {isa = PBXFileReference; fileEncoding = 4; lastKnownFileType = sourcecode.c.objc; path = FSActionSheetConfig.m; sourceTree = "<group>"; };
		53B7A68B1D3E14E700453C8A /* FSActionSheetItem.h */ = {isa = PBXFileReference; fileEncoding = 4; lastKnownFileType = sourcecode.c.h; path = FSActionSheetItem.h; sourceTree = "<group>"; };
		53B7A68C1D3E14E700453C8A /* FSActionSheetItem.m */ = {isa = PBXFileReference; fileEncoding = 4; lastKnownFileType = sourcecode.c.objc; path = FSActionSheetItem.m; sourceTree = "<group>"; };
		53B7A68E1D3E14E700453C8A /* FSActionSheet_cancel@2x.png */ = {isa = PBXFileReference; lastKnownFileType = image.png; path = "FSActionSheet_cancel@2x.png"; sourceTree = "<group>"; };
		53B7A68F1D3E14E700453C8A /* FSActionSheet_cancel@3x.png */ = {isa = PBXFileReference; lastKnownFileType = image.png; path = "FSActionSheet_cancel@3x.png"; sourceTree = "<group>"; };
		53B7A6911D3E14E700453C8A /* TAAbstractDotView.h */ = {isa = PBXFileReference; fileEncoding = 4; lastKnownFileType = sourcecode.c.h; path = TAAbstractDotView.h; sourceTree = "<group>"; };
		53B7A6921D3E14E700453C8A /* TAAbstractDotView.m */ = {isa = PBXFileReference; fileEncoding = 4; lastKnownFileType = sourcecode.c.objc; path = TAAbstractDotView.m; sourceTree = "<group>"; };
		53B7A6931D3E14E700453C8A /* TAAnimatedDotView.h */ = {isa = PBXFileReference; fileEncoding = 4; lastKnownFileType = sourcecode.c.h; path = TAAnimatedDotView.h; sourceTree = "<group>"; };
		53B7A6941D3E14E700453C8A /* TAAnimatedDotView.m */ = {isa = PBXFileReference; fileEncoding = 4; lastKnownFileType = sourcecode.c.objc; path = TAAnimatedDotView.m; sourceTree = "<group>"; };
		53B7A6951D3E14E700453C8A /* TADotView.h */ = {isa = PBXFileReference; fileEncoding = 4; lastKnownFileType = sourcecode.c.h; path = TADotView.h; sourceTree = "<group>"; };
		53B7A6961D3E14E700453C8A /* TADotView.m */ = {isa = PBXFileReference; fileEncoding = 4; lastKnownFileType = sourcecode.c.objc; path = TADotView.m; sourceTree = "<group>"; };
		53B7A6971D3E14E700453C8A /* TAPageControl.h */ = {isa = PBXFileReference; fileEncoding = 4; lastKnownFileType = sourcecode.c.h; path = TAPageControl.h; sourceTree = "<group>"; };
		53B7A6981D3E14E700453C8A /* TAPageControl.m */ = {isa = PBXFileReference; fileEncoding = 4; lastKnownFileType = sourcecode.c.objc; path = TAPageControl.m; sourceTree = "<group>"; };
		53B7A69A1D3E14E700453C8A /* MKAnnotationView+WebCache.h */ = {isa = PBXFileReference; fileEncoding = 4; lastKnownFileType = sourcecode.c.h; path = "MKAnnotationView+WebCache.h"; sourceTree = "<group>"; };
		53B7A69B1D3E14E700453C8A /* MKAnnotationView+WebCache.m */ = {isa = PBXFileReference; fileEncoding = 4; lastKnownFileType = sourcecode.c.objc; path = "MKAnnotationView+WebCache.m"; sourceTree = "<group>"; };
		53B7A69C1D3E14E700453C8A /* NSData+ImageContentType.h */ = {isa = PBXFileReference; fileEncoding = 4; lastKnownFileType = sourcecode.c.h; path = "NSData+ImageContentType.h"; sourceTree = "<group>"; };
		53B7A69D1D3E14E700453C8A /* NSData+ImageContentType.m */ = {isa = PBXFileReference; fileEncoding = 4; lastKnownFileType = sourcecode.c.objc; path = "NSData+ImageContentType.m"; sourceTree = "<group>"; };
		53B7A69E1D3E14E700453C8A /* SDImageCache.h */ = {isa = PBXFileReference; fileEncoding = 4; lastKnownFileType = sourcecode.c.h; path = SDImageCache.h; sourceTree = "<group>"; };
		53B7A69F1D3E14E700453C8A /* SDImageCache.m */ = {isa = PBXFileReference; fileEncoding = 4; lastKnownFileType = sourcecode.c.objc; path = SDImageCache.m; sourceTree = "<group>"; };
		53B7A6A01D3E14E700453C8A /* SDWebImageCompat.h */ = {isa = PBXFileReference; fileEncoding = 4; lastKnownFileType = sourcecode.c.h; path = SDWebImageCompat.h; sourceTree = "<group>"; };
		53B7A6A11D3E14E700453C8A /* SDWebImageCompat.m */ = {isa = PBXFileReference; fileEncoding = 4; lastKnownFileType = sourcecode.c.objc; path = SDWebImageCompat.m; sourceTree = "<group>"; };
		53B7A6A21D3E14E700453C8A /* SDWebImageDecoder.h */ = {isa = PBXFileReference; fileEncoding = 4; lastKnownFileType = sourcecode.c.h; path = SDWebImageDecoder.h; sourceTree = "<group>"; };
		53B7A6A31D3E14E700453C8A /* SDWebImageDecoder.m */ = {isa = PBXFileReference; fileEncoding = 4; lastKnownFileType = sourcecode.c.objc; path = SDWebImageDecoder.m; sourceTree = "<group>"; };
		53B7A6A41D3E14E700453C8A /* SDWebImageDownloader.h */ = {isa = PBXFileReference; fileEncoding = 4; lastKnownFileType = sourcecode.c.h; path = SDWebImageDownloader.h; sourceTree = "<group>"; };
		53B7A6A51D3E14E700453C8A /* SDWebImageDownloader.m */ = {isa = PBXFileReference; fileEncoding = 4; lastKnownFileType = sourcecode.c.objc; path = SDWebImageDownloader.m; sourceTree = "<group>"; };
		53B7A6A61D3E14E700453C8A /* SDWebImageDownloaderOperation.h */ = {isa = PBXFileReference; fileEncoding = 4; lastKnownFileType = sourcecode.c.h; path = SDWebImageDownloaderOperation.h; sourceTree = "<group>"; };
		53B7A6A71D3E14E700453C8A /* SDWebImageDownloaderOperation.m */ = {isa = PBXFileReference; fileEncoding = 4; lastKnownFileType = sourcecode.c.objc; path = SDWebImageDownloaderOperation.m; sourceTree = "<group>"; };
		53B7A6A81D3E14E700453C8A /* SDWebImageManager.h */ = {isa = PBXFileReference; fileEncoding = 4; lastKnownFileType = sourcecode.c.h; path = SDWebImageManager.h; sourceTree = "<group>"; };
		53B7A6A91D3E14E700453C8A /* SDWebImageManager.m */ = {isa = PBXFileReference; fileEncoding = 4; lastKnownFileType = sourcecode.c.objc; path = SDWebImageManager.m; sourceTree = "<group>"; };
		53B7A6AA1D3E14E700453C8A /* SDWebImageOperation.h */ = {isa = PBXFileReference; fileEncoding = 4; lastKnownFileType = sourcecode.c.h; path = SDWebImageOperation.h; sourceTree = "<group>"; };
		53B7A6AB1D3E14E700453C8A /* SDWebImagePrefetcher.h */ = {isa = PBXFileReference; fileEncoding = 4; lastKnownFileType = sourcecode.c.h; path = SDWebImagePrefetcher.h; sourceTree = "<group>"; };
		53B7A6AC1D3E14E700453C8A /* SDWebImagePrefetcher.m */ = {isa = PBXFileReference; fileEncoding = 4; lastKnownFileType = sourcecode.c.objc; path = SDWebImagePrefetcher.m; sourceTree = "<group>"; };
		53B7A6AD1D3E14E700453C8A /* UIButton+WebCache.h */ = {isa = PBXFileReference; fileEncoding = 4; lastKnownFileType = sourcecode.c.h; path = "UIButton+WebCache.h"; sourceTree = "<group>"; };
		53B7A6AE1D3E14E700453C8A /* UIButton+WebCache.m */ = {isa = PBXFileReference; fileEncoding = 4; lastKnownFileType = sourcecode.c.objc; path = "UIButton+WebCache.m"; sourceTree = "<group>"; };
		53B7A6AF1D3E14E700453C8A /* UIImage+GIF.h */ = {isa = PBXFileReference; fileEncoding = 4; lastKnownFileType = sourcecode.c.h; path = "UIImage+GIF.h"; sourceTree = "<group>"; };
		53B7A6B01D3E14E700453C8A /* UIImage+GIF.m */ = {isa = PBXFileReference; fileEncoding = 4; lastKnownFileType = sourcecode.c.objc; path = "UIImage+GIF.m"; sourceTree = "<group>"; };
		53B7A6B11D3E14E700453C8A /* UIImage+MultiFormat.h */ = {isa = PBXFileReference; fileEncoding = 4; lastKnownFileType = sourcecode.c.h; path = "UIImage+MultiFormat.h"; sourceTree = "<group>"; };
		53B7A6B21D3E14E700453C8A /* UIImage+MultiFormat.m */ = {isa = PBXFileReference; fileEncoding = 4; lastKnownFileType = sourcecode.c.objc; path = "UIImage+MultiFormat.m"; sourceTree = "<group>"; };
		53B7A6B31D3E14E700453C8A /* UIImage+WebP.h */ = {isa = PBXFileReference; fileEncoding = 4; lastKnownFileType = sourcecode.c.h; path = "UIImage+WebP.h"; sourceTree = "<group>"; };
		53B7A6B41D3E14E700453C8A /* UIImage+WebP.m */ = {isa = PBXFileReference; fileEncoding = 4; lastKnownFileType = sourcecode.c.objc; path = "UIImage+WebP.m"; sourceTree = "<group>"; };
		53B7A6B51D3E14E700453C8A /* UIImageView+HighlightedWebCache.h */ = {isa = PBXFileReference; fileEncoding = 4; lastKnownFileType = sourcecode.c.h; path = "UIImageView+HighlightedWebCache.h"; sourceTree = "<group>"; };
		53B7A6B61D3E14E700453C8A /* UIImageView+HighlightedWebCache.m */ = {isa = PBXFileReference; fileEncoding = 4; lastKnownFileType = sourcecode.c.objc; path = "UIImageView+HighlightedWebCache.m"; sourceTree = "<group>"; };
		53B7A6B71D3E14E700453C8A /* UIImageView+WebCache.h */ = {isa = PBXFileReference; fileEncoding = 4; lastKnownFileType = sourcecode.c.h; path = "UIImageView+WebCache.h"; sourceTree = "<group>"; };
		53B7A6B81D3E14E700453C8A /* UIImageView+WebCache.m */ = {isa = PBXFileReference; fileEncoding = 4; lastKnownFileType = sourcecode.c.objc; path = "UIImageView+WebCache.m"; sourceTree = "<group>"; };
		53B7A6B91D3E14E700453C8A /* UIView+WebCacheOperation.h */ = {isa = PBXFileReference; fileEncoding = 4; lastKnownFileType = sourcecode.c.h; path = "UIView+WebCacheOperation.h"; sourceTree = "<group>"; };
		53B7A6BA1D3E14E700453C8A /* UIView+WebCacheOperation.m */ = {isa = PBXFileReference; fileEncoding = 4; lastKnownFileType = sourcecode.c.objc; path = "UIView+WebCacheOperation.m"; sourceTree = "<group>"; };
		53B7A6BB1D3E14E700453C8A /* XLPhotoBrowser.h */ = {isa = PBXFileReference; fileEncoding = 4; lastKnownFileType = sourcecode.c.h; path = XLPhotoBrowser.h; sourceTree = "<group>"; };
		53B7A6BC1D3E14E700453C8A /* XLPhotoBrowser.m */ = {isa = PBXFileReference; fileEncoding = 4; lastKnownFileType = sourcecode.c.objc; path = XLPhotoBrowser.m; sourceTree = "<group>"; };
		53B7A6BD1D3E14E700453C8A /* XLPhotoBrowserConfig.h */ = {isa = PBXFileReference; fileEncoding = 4; lastKnownFileType = sourcecode.c.h; path = XLPhotoBrowserConfig.h; sourceTree = "<group>"; };
		53B7A6BE1D3E14E700453C8A /* XLProgressView.h */ = {isa = PBXFileReference; fileEncoding = 4; lastKnownFileType = sourcecode.c.h; path = XLProgressView.h; sourceTree = "<group>"; };
		53B7A6BF1D3E14E700453C8A /* XLProgressView.m */ = {isa = PBXFileReference; fileEncoding = 4; lastKnownFileType = sourcecode.c.objc; path = XLProgressView.m; sourceTree = "<group>"; };
		53B7A6C01D3E14E700453C8A /* XLZoomingScrollView.h */ = {isa = PBXFileReference; fileEncoding = 4; lastKnownFileType = sourcecode.c.h; path = XLZoomingScrollView.h; sourceTree = "<group>"; };
		53B7A6C11D3E14E700453C8A /* XLZoomingScrollView.m */ = {isa = PBXFileReference; fileEncoding = 4; lastKnownFileType = sourcecode.c.objc; path = XLZoomingScrollView.m; sourceTree = "<group>"; };
/* End PBXFileReference section */

/* Begin PBXFrameworksBuildPhase section */
		538DBCA91D3A1D7E00117463 /* Frameworks */ = {
			isa = PBXFrameworksBuildPhase;
			buildActionMask = 2147483647;
			files = (
			);
			runOnlyForDeploymentPostprocessing = 0;
		};
/* End PBXFrameworksBuildPhase section */

/* Begin PBXGroup section */
		538DBCA31D3A1D7E00117463 = {
			isa = PBXGroup;
			children = (
				53B7A6801D3E14E700453C8A /* XLPhotoBrowser */,
				538DBCAE1D3A1D7E00117463 /* XLPhotoBrowserDemo */,
				538DBCAD1D3A1D7E00117463 /* Products */,
			);
			sourceTree = "<group>";
		};
		538DBCAD1D3A1D7E00117463 /* Products */ = {
			isa = PBXGroup;
			children = (
				538DBCAC1D3A1D7E00117463 /* XLPhotoBrowserDemo.app */,
			);
			name = Products;
			sourceTree = "<group>";
		};
		538DBCAE1D3A1D7E00117463 /* XLPhotoBrowserDemo */ = {
			isa = PBXGroup;
			children = (
				538DBCB21D3A1D7E00117463 /* AppDelegate.h */,
				538DBCB31D3A1D7E00117463 /* AppDelegate.m */,
				538DBCB51D3A1D7E00117463 /* ViewController.h */,
				538DBCB61D3A1D7E00117463 /* ViewController.m */,
				538DBD1D1D3A23F300117463 /* Test1ViewController.h */,
				538DBD1E1D3A23F300117463 /* Test1ViewController.m */,
				531670D61D3B867F00CAB008 /* Test2ViewController.h */,
				531670D71D3B867F00CAB008 /* Test2ViewController.m */,
				5367ACA91D3F85E100824A19 /* Test3ViewController.h */,
				5367ACAA1D3F85E100824A19 /* Test3ViewController.m */,
				5367ACAF1D3F8AAC00824A19 /* Test4ViewController.h */,
				5367ACB01D3F8AAC00824A19 /* Test4ViewController.m */,
				02ACE9AE1DC0E2FA0000A268 /* Test5ViewController.h */,
				02ACE9AF1DC0E2FA0000A268 /* Test5ViewController.m */,
				0252D4741DCB35B200AC609E /* Test6ViewController.h */,
				0252D4751DCB35B200AC609E /* Test6ViewController.m */,
				0252D4771DCB3DC300AC609E /* Test7ViewController.h */,
				0252D4781DCB3DC300AC609E /* Test7ViewController.m */,
				5367ACAC1D3F874000824A19 /* BaseTestViewController.h */,
				5367ACAD1D3F874000824A19 /* BaseTestViewController.m */,
				538DBCB81D3A1D7E00117463 /* Main.storyboard */,
				538DBCBB1D3A1D7E00117463 /* Assets.xcassets */,
				538DBCBD1D3A1D7E00117463 /* LaunchScreen.storyboard */,
				538DBCC01D3A1D7E00117463 /* Info.plist */,
				538DBCAF1D3A1D7E00117463 /* Supporting Files */,
			);
			path = XLPhotoBrowserDemo;
			sourceTree = "<group>";
		};
		538DBCAF1D3A1D7E00117463 /* Supporting Files */ = {
			isa = PBXGroup;
			children = (
				538DBCB01D3A1D7E00117463 /* main.m */,
			);
			name = "Supporting Files";
			sourceTree = "<group>";
		};
		53B7A6801D3E14E700453C8A /* XLPhotoBrowser */ = {
			isa = PBXGroup;
			children = (
				53B7A6831D3E14E700453C8A /* Vender */,
				53B7A6811D3E14E700453C8A /* UIView+XLExtension.h */,
				53B7A6821D3E14E700453C8A /* UIView+XLExtension.m */,
				02ACE9B11DC0E64A0000A268 /* UIImage+XLExtension.h */,
				02ACE9B21DC0E64A0000A268 /* UIImage+XLExtension.m */,
				53B7A6BB1D3E14E700453C8A /* XLPhotoBrowser.h */,
				53B7A6BC1D3E14E700453C8A /* XLPhotoBrowser.m */,
				53B7A6BD1D3E14E700453C8A /* XLPhotoBrowserConfig.h */,
				53B7A6BE1D3E14E700453C8A /* XLProgressView.h */,
				53B7A6BF1D3E14E700453C8A /* XLProgressView.m */,
				53B7A6C01D3E14E700453C8A /* XLZoomingScrollView.h */,
				53B7A6C11D3E14E700453C8A /* XLZoomingScrollView.m */,
			);
			path = XLPhotoBrowser;
			sourceTree = "<group>";
		};
		53B7A6831D3E14E700453C8A /* Vender */ = {
			isa = PBXGroup;
			children = (
				53B7A6841D3E14E700453C8A /* FSActionSheet */,
				53B7A6901D3E14E700453C8A /* PageControl */,
				53B7A6991D3E14E700453C8A /* SDWebImage */,
			);
			path = Vender;
			sourceTree = "<group>";
		};
		53B7A6841D3E14E700453C8A /* FSActionSheet */ = {
			isa = PBXGroup;
			children = (
				53B7A6851D3E14E700453C8A /* FSActionSheet.h */,
				53B7A6861D3E14E700453C8A /* FSActionSheet.m */,
				53B7A6871D3E14E700453C8A /* FSActionSheetCell.h */,
				53B7A6881D3E14E700453C8A /* FSActionSheetCell.m */,
				53B7A6891D3E14E700453C8A /* FSActionSheetConfig.h */,
				53B7A68A1D3E14E700453C8A /* FSActionSheetConfig.m */,
				53B7A68B1D3E14E700453C8A /* FSActionSheetItem.h */,
				53B7A68C1D3E14E700453C8A /* FSActionSheetItem.m */,
				53B7A68D1D3E14E700453C8A /* FSActionSheetResources */,
			);
			path = FSActionSheet;
			sourceTree = "<group>";
		};
		53B7A68D1D3E14E700453C8A /* FSActionSheetResources */ = {
			isa = PBXGroup;
			children = (
				53B7A68E1D3E14E700453C8A /* FSActionSheet_cancel@2x.png */,
				53B7A68F1D3E14E700453C8A /* FSActionSheet_cancel@3x.png */,
			);
			path = FSActionSheetResources;
			sourceTree = "<group>";
		};
		53B7A6901D3E14E700453C8A /* PageControl */ = {
			isa = PBXGroup;
			children = (
				53B7A6911D3E14E700453C8A /* TAAbstractDotView.h */,
				53B7A6921D3E14E700453C8A /* TAAbstractDotView.m */,
				53B7A6931D3E14E700453C8A /* TAAnimatedDotView.h */,
				53B7A6941D3E14E700453C8A /* TAAnimatedDotView.m */,
				53B7A6951D3E14E700453C8A /* TADotView.h */,
				53B7A6961D3E14E700453C8A /* TADotView.m */,
				53B7A6971D3E14E700453C8A /* TAPageControl.h */,
				53B7A6981D3E14E700453C8A /* TAPageControl.m */,
			);
			path = PageControl;
			sourceTree = "<group>";
		};
		53B7A6991D3E14E700453C8A /* SDWebImage */ = {
			isa = PBXGroup;
			children = (
				53B7A69A1D3E14E700453C8A /* MKAnnotationView+WebCache.h */,
				53B7A69B1D3E14E700453C8A /* MKAnnotationView+WebCache.m */,
				53B7A69C1D3E14E700453C8A /* NSData+ImageContentType.h */,
				53B7A69D1D3E14E700453C8A /* NSData+ImageContentType.m */,
				53B7A69E1D3E14E700453C8A /* SDImageCache.h */,
				53B7A69F1D3E14E700453C8A /* SDImageCache.m */,
				53B7A6A01D3E14E700453C8A /* SDWebImageCompat.h */,
				53B7A6A11D3E14E700453C8A /* SDWebImageCompat.m */,
				53B7A6A21D3E14E700453C8A /* SDWebImageDecoder.h */,
				53B7A6A31D3E14E700453C8A /* SDWebImageDecoder.m */,
				53B7A6A41D3E14E700453C8A /* SDWebImageDownloader.h */,
				53B7A6A51D3E14E700453C8A /* SDWebImageDownloader.m */,
				53B7A6A61D3E14E700453C8A /* SDWebImageDownloaderOperation.h */,
				53B7A6A71D3E14E700453C8A /* SDWebImageDownloaderOperation.m */,
				53B7A6A81D3E14E700453C8A /* SDWebImageManager.h */,
				53B7A6A91D3E14E700453C8A /* SDWebImageManager.m */,
				53B7A6AA1D3E14E700453C8A /* SDWebImageOperation.h */,
				53B7A6AB1D3E14E700453C8A /* SDWebImagePrefetcher.h */,
				53B7A6AC1D3E14E700453C8A /* SDWebImagePrefetcher.m */,
				53B7A6AD1D3E14E700453C8A /* UIButton+WebCache.h */,
				53B7A6AE1D3E14E700453C8A /* UIButton+WebCache.m */,
				53B7A6AF1D3E14E700453C8A /* UIImage+GIF.h */,
				53B7A6B01D3E14E700453C8A /* UIImage+GIF.m */,
				53B7A6B11D3E14E700453C8A /* UIImage+MultiFormat.h */,
				53B7A6B21D3E14E700453C8A /* UIImage+MultiFormat.m */,
				53B7A6B31D3E14E700453C8A /* UIImage+WebP.h */,
				53B7A6B41D3E14E700453C8A /* UIImage+WebP.m */,
				53B7A6B51D3E14E700453C8A /* UIImageView+HighlightedWebCache.h */,
				53B7A6B61D3E14E700453C8A /* UIImageView+HighlightedWebCache.m */,
				53B7A6B71D3E14E700453C8A /* UIImageView+WebCache.h */,
				53B7A6B81D3E14E700453C8A /* UIImageView+WebCache.m */,
				53B7A6B91D3E14E700453C8A /* UIView+WebCacheOperation.h */,
				53B7A6BA1D3E14E700453C8A /* UIView+WebCacheOperation.m */,
			);
			path = SDWebImage;
			sourceTree = "<group>";
		};
/* End PBXGroup section */

/* Begin PBXNativeTarget section */
		538DBCAB1D3A1D7E00117463 /* XLPhotoBrowserDemo */ = {
			isa = PBXNativeTarget;
			buildConfigurationList = 538DBCC31D3A1D7E00117463 /* Build configuration list for PBXNativeTarget "XLPhotoBrowserDemo" */;
			buildPhases = (
				538DBCA81D3A1D7E00117463 /* Sources */,
				538DBCA91D3A1D7E00117463 /* Frameworks */,
				538DBCAA1D3A1D7E00117463 /* Resources */,
			);
			buildRules = (
			);
			dependencies = (
			);
			name = XLPhotoBrowserDemo;
			productName = XLPhotoBrowserDemo;
			productReference = 538DBCAC1D3A1D7E00117463 /* XLPhotoBrowserDemo.app */;
			productType = "com.apple.product-type.application";
		};
/* End PBXNativeTarget section */

/* Begin PBXProject section */
		538DBCA41D3A1D7E00117463 /* Project object */ = {
			isa = PBXProject;
			attributes = {
				LastUpgradeCheck = 0730;
				ORGANIZATIONNAME = LiuShannoon;
				TargetAttributes = {
					538DBCAB1D3A1D7E00117463 = {
						CreatedOnToolsVersion = 7.3.1;
						DevelopmentTeam = QC83AGNAJ7;
					};
				};
			};
			buildConfigurationList = 538DBCA71D3A1D7E00117463 /* Build configuration list for PBXProject "XLPhotoBrowserDemo" */;
			compatibilityVersion = "Xcode 3.2";
			developmentRegion = English;
			hasScannedForEncodings = 0;
			knownRegions = (
				en,
				Base,
			);
			mainGroup = 538DBCA31D3A1D7E00117463;
			productRefGroup = 538DBCAD1D3A1D7E00117463 /* Products */;
			projectDirPath = "";
			projectRoot = "";
			targets = (
				538DBCAB1D3A1D7E00117463 /* XLPhotoBrowserDemo */,
			);
		};
/* End PBXProject section */

/* Begin PBXResourcesBuildPhase section */
		538DBCAA1D3A1D7E00117463 /* Resources */ = {
			isa = PBXResourcesBuildPhase;
			buildActionMask = 2147483647;
			files = (
				538DBCBF1D3A1D7E00117463 /* LaunchScreen.storyboard in Resources */,
				53B7A6C71D3E14E700453C8A /* FSActionSheet_cancel@2x.png in Resources */,
				538DBCBC1D3A1D7E00117463 /* Assets.xcassets in Resources */,
				538DBCBA1D3A1D7E00117463 /* Main.storyboard in Resources */,
				53B7A6C81D3E14E700453C8A /* FSActionSheet_cancel@3x.png in Resources */,
			);
			runOnlyForDeploymentPostprocessing = 0;
		};
/* End PBXResourcesBuildPhase section */

/* Begin PBXSourcesBuildPhase section */
		538DBCA81D3A1D7E00117463 /* Sources */ = {
			isa = PBXSourcesBuildPhase;
			buildActionMask = 2147483647;
			files = (
				53B7A6D81D3E14E700453C8A /* UIImage+MultiFormat.m in Sources */,
				53B7A6D91D3E14E700453C8A /* UIImage+WebP.m in Sources */,
				5367ACAB1D3F85E100824A19 /* Test3ViewController.m in Sources */,
				53B7A6C31D3E14E700453C8A /* FSActionSheet.m in Sources */,
				53B7A6D41D3E14E700453C8A /* SDWebImageManager.m in Sources */,
				53B7A6CB1D3E14E700453C8A /* TADotView.m in Sources */,
				0252D4791DCB3DC300AC609E /* Test7ViewController.m in Sources */,
				538DBCB71D3A1D7E00117463 /* ViewController.m in Sources */,
				538DBCB41D3A1D7E00117463 /* AppDelegate.m in Sources */,
				53B7A6DD1D3E14E700453C8A /* XLPhotoBrowser.m in Sources */,
				53B7A6D21D3E14E700453C8A /* SDWebImageDownloader.m in Sources */,
				53B7A6C91D3E14E700453C8A /* TAAbstractDotView.m in Sources */,
				5367ACAE1D3F874000824A19 /* BaseTestViewController.m in Sources */,
				0252D4761DCB35B200AC609E /* Test6ViewController.m in Sources */,
				531670D81D3B867F00CAB008 /* Test2ViewController.m in Sources */,
				538DBCB11D3A1D7E00117463 /* main.m in Sources */,
				53B7A6CC1D3E14E700453C8A /* TAPageControl.m in Sources */,
				53B7A6CD1D3E14E700453C8A /* MKAnnotationView+WebCache.m in Sources */,
				02ACE9B01DC0E2FA0000A268 /* Test5ViewController.m in Sources */,
				02ACE9B31DC0E64A0000A268 /* UIImage+XLExtension.m in Sources */,
				53B7A6C61D3E14E700453C8A /* FSActionSheetItem.m in Sources */,
				53B7A6CE1D3E14E700453C8A /* NSData+ImageContentType.m in Sources */,
				53B7A6D71D3E14E700453C8A /* UIImage+GIF.m in Sources */,
				5367ACB11D3F8AAC00824A19 /* Test4ViewController.m in Sources */,
				53B7A6D61D3E14E700453C8A /* UIButton+WebCache.m in Sources */,
				53B7A6C21D3E14E700453C8A /* UIView+XLExtension.m in Sources */,
				53B7A6D51D3E14E700453C8A /* SDWebImagePrefetcher.m in Sources */,
				53B7A6D11D3E14E700453C8A /* SDWebImageDecoder.m in Sources */,
				53B7A6CF1D3E14E700453C8A /* SDImageCache.m in Sources */,
				53B7A6D01D3E14E700453C8A /* SDWebImageCompat.m in Sources */,
				53B7A6DC1D3E14E700453C8A /* UIView+WebCacheOperation.m in Sources */,
				53B7A6CA1D3E14E700453C8A /* TAAnimatedDotView.m in Sources */,
				53B7A6C51D3E14E700453C8A /* FSActionSheetConfig.m in Sources */,
				53B7A6D31D3E14E700453C8A /* SDWebImageDownloaderOperation.m in Sources */,
				53B7A6C41D3E14E700453C8A /* FSActionSheetCell.m in Sources */,
				53B7A6DF1D3E14E700453C8A /* XLZoomingScrollView.m in Sources */,
				53B7A6DB1D3E14E700453C8A /* UIImageView+WebCache.m in Sources */,
				53B7A6DA1D3E14E700453C8A /* UIImageView+HighlightedWebCache.m in Sources */,
				538DBD1F1D3A23F300117463 /* Test1ViewController.m in Sources */,
				53B7A6DE1D3E14E700453C8A /* XLProgressView.m in Sources */,
			);
			runOnlyForDeploymentPostprocessing = 0;
		};
/* End PBXSourcesBuildPhase section */

/* Begin PBXVariantGroup section */
		538DBCB81D3A1D7E00117463 /* Main.storyboard */ = {
			isa = PBXVariantGroup;
			children = (
				538DBCB91D3A1D7E00117463 /* Base */,
			);
			name = Main.storyboard;
			sourceTree = "<group>";
		};
		538DBCBD1D3A1D7E00117463 /* LaunchScreen.storyboard */ = {
			isa = PBXVariantGroup;
			children = (
				538DBCBE1D3A1D7E00117463 /* Base */,
			);
			name = LaunchScreen.storyboard;
			sourceTree = "<group>";
		};
/* End PBXVariantGroup section */

/* Begin XCBuildConfiguration section */
		538DBCC11D3A1D7E00117463 /* Debug */ = {
			isa = XCBuildConfiguration;
			buildSettings = {
				ALWAYS_SEARCH_USER_PATHS = NO;
				CLANG_ANALYZER_NONNULL = YES;
				CLANG_CXX_LANGUAGE_STANDARD = "gnu++0x";
				CLANG_CXX_LIBRARY = "libc++";
				CLANG_ENABLE_MODULES = YES;
				CLANG_ENABLE_OBJC_ARC = YES;
				CLANG_WARN_BOOL_CONVERSION = YES;
				CLANG_WARN_CONSTANT_CONVERSION = YES;
				CLANG_WARN_DIRECT_OBJC_ISA_USAGE = YES_ERROR;
				CLANG_WARN_EMPTY_BODY = YES;
				CLANG_WARN_ENUM_CONVERSION = YES;
				CLANG_WARN_INT_CONVERSION = YES;
				CLANG_WARN_OBJC_ROOT_CLASS = YES_ERROR;
				CLANG_WARN_UNREACHABLE_CODE = YES;
				CLANG_WARN__DUPLICATE_METHOD_MATCH = YES;
				"CODE_SIGN_IDENTITY[sdk=iphoneos*]" = "iPhone Developer";
				COPY_PHASE_STRIP = NO;
				DEBUG_INFORMATION_FORMAT = dwarf;
				ENABLE_STRICT_OBJC_MSGSEND = YES;
				ENABLE_TESTABILITY = YES;
				GCC_C_LANGUAGE_STANDARD = gnu99;
				GCC_DYNAMIC_NO_PIC = NO;
				GCC_NO_COMMON_BLOCKS = YES;
				GCC_OPTIMIZATION_LEVEL = 0;
				GCC_PREPROCESSOR_DEFINITIONS = (
					"DEBUG=1",
					"$(inherited)",
				);
				GCC_WARN_64_TO_32_BIT_CONVERSION = YES;
				GCC_WARN_ABOUT_RETURN_TYPE = YES_ERROR;
				GCC_WARN_UNDECLARED_SELECTOR = YES;
				GCC_WARN_UNINITIALIZED_AUTOS = YES_AGGRESSIVE;
				GCC_WARN_UNUSED_FUNCTION = YES;
				GCC_WARN_UNUSED_VARIABLE = YES;
				IPHONEOS_DEPLOYMENT_TARGET = 9.3;
				MTL_ENABLE_DEBUG_INFO = YES;
				ONLY_ACTIVE_ARCH = YES;
				SDKROOT = iphoneos;
				TARGETED_DEVICE_FAMILY = "1,2";
			};
			name = Debug;
		};
		538DBCC21D3A1D7E00117463 /* Release */ = {
			isa = XCBuildConfiguration;
			buildSettings = {
				ALWAYS_SEARCH_USER_PATHS = NO;
				CLANG_ANALYZER_NONNULL = YES;
				CLANG_CXX_LANGUAGE_STANDARD = "gnu++0x";
				CLANG_CXX_LIBRARY = "libc++";
				CLANG_ENABLE_MODULES = YES;
				CLANG_ENABLE_OBJC_ARC = YES;
				CLANG_WARN_BOOL_CONVERSION = YES;
				CLANG_WARN_CONSTANT_CONVERSION = YES;
				CLANG_WARN_DIRECT_OBJC_ISA_USAGE = YES_ERROR;
				CLANG_WARN_EMPTY_BODY = YES;
				CLANG_WARN_ENUM_CONVERSION = YES;
				CLANG_WARN_INT_CONVERSION = YES;
				CLANG_WARN_OBJC_ROOT_CLASS = YES_ERROR;
				CLANG_WARN_UNREACHABLE_CODE = YES;
				CLANG_WARN__DUPLICATE_METHOD_MATCH = YES;
				"CODE_SIGN_IDENTITY[sdk=iphoneos*]" = "iPhone Developer";
				COPY_PHASE_STRIP = NO;
				DEBUG_INFORMATION_FORMAT = "dwarf-with-dsym";
				ENABLE_NS_ASSERTIONS = NO;
				ENABLE_STRICT_OBJC_MSGSEND = YES;
				GCC_C_LANGUAGE_STANDARD = gnu99;
				GCC_NO_COMMON_BLOCKS = YES;
				GCC_WARN_64_TO_32_BIT_CONVERSION = YES;
				GCC_WARN_ABOUT_RETURN_TYPE = YES_ERROR;
				GCC_WARN_UNDECLARED_SELECTOR = YES;
				GCC_WARN_UNINITIALIZED_AUTOS = YES_AGGRESSIVE;
				GCC_WARN_UNUSED_FUNCTION = YES;
				GCC_WARN_UNUSED_VARIABLE = YES;
				IPHONEOS_DEPLOYMENT_TARGET = 9.3;
				MTL_ENABLE_DEBUG_INFO = NO;
				SDKROOT = iphoneos;
				TARGETED_DEVICE_FAMILY = "1,2";
				VALIDATE_PRODUCT = YES;
			};
			name = Release;
		};
		538DBCC41D3A1D7E00117463 /* Debug */ = {
			isa = XCBuildConfiguration;
			buildSettings = {
				ASSETCATALOG_COMPILER_APPICON_NAME = AppIcon;
				DEVELOPMENT_TEAM = QC83AGNAJ7;
				INFOPLIST_FILE = XLPhotoBrowserDemo/Info.plist;
				IPHONEOS_DEPLOYMENT_TARGET = 7.0;
				LD_RUNPATH_SEARCH_PATHS = "$(inherited) @executable_path/Frameworks";
				PRODUCT_BUNDLE_IDENTIFIER = com.Shannoon.XLPhotoBrowserDemo;
				PRODUCT_NAME = "$(TARGET_NAME)";
			};
			name = Debug;
		};
		538DBCC51D3A1D7E00117463 /* Release */ = {
			isa = XCBuildConfiguration;
			buildSettings = {
				ASSETCATALOG_COMPILER_APPICON_NAME = AppIcon;
				DEVELOPMENT_TEAM = QC83AGNAJ7;
				INFOPLIST_FILE = XLPhotoBrowserDemo/Info.plist;
				IPHONEOS_DEPLOYMENT_TARGET = 7.0;
				LD_RUNPATH_SEARCH_PATHS = "$(inherited) @executable_path/Frameworks";
				PRODUCT_BUNDLE_IDENTIFIER = com.Shannoon.XLPhotoBrowserDemo;
				PRODUCT_NAME = "$(TARGET_NAME)";
			};
			name = Release;
		};
/* End XCBuildConfiguration section */

/* Begin XCConfigurationList section */
		538DBCA71D3A1D7E00117463 /* Build configuration list for PBXProject "XLPhotoBrowserDemo" */ = {
			isa = XCConfigurationList;
			buildConfigurations = (
				538DBCC11D3A1D7E00117463 /* Debug */,
				538DBCC21D3A1D7E00117463 /* Release */,
			);
			defaultConfigurationIsVisible = 0;
			defaultConfigurationName = Release;
		};
		538DBCC31D3A1D7E00117463 /* Build configuration list for PBXNativeTarget "XLPhotoBrowserDemo" */ = {
			isa = XCConfigurationList;
			buildConfigurations = (
				538DBCC41D3A1D7E00117463 /* Debug */,
				538DBCC51D3A1D7E00117463 /* Release */,
			);
			defaultConfigurationIsVisible = 0;
			defaultConfigurationName = Release;
		};
/* End XCConfigurationList section */
	};
	rootObject = 538DBCA41D3A1D7E00117463 /* Project object */;
}
